// !$*UTF8*$!
{
	archiveVersion = 1;
	classes = {
	};
	objectVersion = 50;
	objects = {

/* Begin PBXBuildFile section */
		281D085525E286170079CD88 /* CakeListUITests.swift in Sources */ = {isa = PBXBuildFile; fileRef = 281D085425E286170079CD88 /* CakeListUITests.swift */; };
		2867EA3625DC8A4E00F73E5C /* MockCake.json in Resources */ = {isa = PBXBuildFile; fileRef = 2867EA3525DC8A4E00F73E5C /* MockCake.json */; };
		2867EA7825DC8DE300F73E5C /* Localizable.strings in Resources */ = {isa = PBXBuildFile; fileRef = 2867EA7725DC8DE200F73E5C /* Localizable.strings */; };
		2867EA7F25DC8FE800F73E5C /* Constants.swift in Sources */ = {isa = PBXBuildFile; fileRef = 2867EA7E25DC8FE800F73E5C /* Constants.swift */; };
		2867EA8025DC8FE800F73E5C /* Constants.swift in Sources */ = {isa = PBXBuildFile; fileRef = 2867EA7E25DC8FE800F73E5C /* Constants.swift */; };
		2867EA8125DC8FE800F73E5C /* Constants.swift in Sources */ = {isa = PBXBuildFile; fileRef = 2867EA7E25DC8FE800F73E5C /* Constants.swift */; };
		2867EA8F25DC914B00F73E5C /* CakeListViewModel.swift in Sources */ = {isa = PBXBuildFile; fileRef = 2867EA8E25DC914B00F73E5C /* CakeListViewModel.swift */; };
		2867EA9025DC914B00F73E5C /* CakeListViewModel.swift in Sources */ = {isa = PBXBuildFile; fileRef = 2867EA8E25DC914B00F73E5C /* CakeListViewModel.swift */; };
		2867EA9125DC914B00F73E5C /* CakeListViewModel.swift in Sources */ = {isa = PBXBuildFile; fileRef = 2867EA8E25DC914B00F73E5C /* CakeListViewModel.swift */; };
		2867EA9925DC915A00F73E5C /* CakeDetailViewModel.swift in Sources */ = {isa = PBXBuildFile; fileRef = 2867EA9825DC915A00F73E5C /* CakeDetailViewModel.swift */; };
		2867EA9A25DC915A00F73E5C /* CakeDetailViewModel.swift in Sources */ = {isa = PBXBuildFile; fileRef = 2867EA9825DC915A00F73E5C /* CakeDetailViewModel.swift */; };
		2867EA9B25DC915A00F73E5C /* CakeDetailViewModel.swift in Sources */ = {isa = PBXBuildFile; fileRef = 2867EA9825DC915A00F73E5C /* CakeDetailViewModel.swift */; };
		2867EAA025DC91CF00F73E5C /* CakeListTableViewCellVM.swift in Sources */ = {isa = PBXBuildFile; fileRef = 2867EA9F25DC91CF00F73E5C /* CakeListTableViewCellVM.swift */; };
		2867EAA125DC91CF00F73E5C /* CakeListTableViewCellVM.swift in Sources */ = {isa = PBXBuildFile; fileRef = 2867EA9F25DC91CF00F73E5C /* CakeListTableViewCellVM.swift */; };
		2867EAA225DC91CF00F73E5C /* CakeListTableViewCellVM.swift in Sources */ = {isa = PBXBuildFile; fileRef = 2867EA9F25DC91CF00F73E5C /* CakeListTableViewCellVM.swift */; };
		2879DA0725DD09C0009F8EA7 /* CakeListViewModelProtocol.swift in Sources */ = {isa = PBXBuildFile; fileRef = 2879DA0625DD09C0009F8EA7 /* CakeListViewModelProtocol.swift */; };
		2879DA0825DD09C0009F8EA7 /* CakeListViewModelProtocol.swift in Sources */ = {isa = PBXBuildFile; fileRef = 2879DA0625DD09C0009F8EA7 /* CakeListViewModelProtocol.swift */; };
		2879DA0925DD09C0009F8EA7 /* CakeListViewModelProtocol.swift in Sources */ = {isa = PBXBuildFile; fileRef = 2879DA0625DD09C0009F8EA7 /* CakeListViewModelProtocol.swift */; };
		2879DA0E25DD0B44009F8EA7 /* APICakeProtocol.swift in Sources */ = {isa = PBXBuildFile; fileRef = 2879DA0D25DD0B44009F8EA7 /* APICakeProtocol.swift */; };
		2879DA0F25DD0B44009F8EA7 /* APICakeProtocol.swift in Sources */ = {isa = PBXBuildFile; fileRef = 2879DA0D25DD0B44009F8EA7 /* APICakeProtocol.swift */; };
		2879DA1025DD0B44009F8EA7 /* APICakeProtocol.swift in Sources */ = {isa = PBXBuildFile; fileRef = 2879DA0D25DD0B44009F8EA7 /* APICakeProtocol.swift */; };
		2879DA1625DD0CB3009F8EA7 /* CakeServices.swift in Sources */ = {isa = PBXBuildFile; fileRef = 2879DA1525DD0CB3009F8EA7 /* CakeServices.swift */; };
		2879DA1725DD0CB3009F8EA7 /* CakeServices.swift in Sources */ = {isa = PBXBuildFile; fileRef = 2879DA1525DD0CB3009F8EA7 /* CakeServices.swift */; };
		2879DA1825DD0CB3009F8EA7 /* CakeServices.swift in Sources */ = {isa = PBXBuildFile; fileRef = 2879DA1525DD0CB3009F8EA7 /* CakeServices.swift */; };
		2879DA2025DD1315009F8EA7 /* Extensions.swift in Sources */ = {isa = PBXBuildFile; fileRef = 2879DA1F25DD1315009F8EA7 /* Extensions.swift */; };
		2879DA2125DD1315009F8EA7 /* Extensions.swift in Sources */ = {isa = PBXBuildFile; fileRef = 2879DA1F25DD1315009F8EA7 /* Extensions.swift */; };
		2879DA2225DD1315009F8EA7 /* Extensions.swift in Sources */ = {isa = PBXBuildFile; fileRef = 2879DA1F25DD1315009F8EA7 /* Extensions.swift */; };
		2879DA2A25DD1B96009F8EA7 /* CakeListTableViewCell.swift in Sources */ = {isa = PBXBuildFile; fileRef = 2879DA2925DD1B96009F8EA7 /* CakeListTableViewCell.swift */; };
		2879DA2B25DD1B96009F8EA7 /* CakeListTableViewCell.swift in Sources */ = {isa = PBXBuildFile; fileRef = 2879DA2925DD1B96009F8EA7 /* CakeListTableViewCell.swift */; };
		2879DA2C25DD1B96009F8EA7 /* CakeListTableViewCell.swift in Sources */ = {isa = PBXBuildFile; fileRef = 2879DA2925DD1B96009F8EA7 /* CakeListTableViewCell.swift */; };
		2879DA7E25DDC608009F8EA7 /* CakeListTableViewCellVMProtocol.swift in Sources */ = {isa = PBXBuildFile; fileRef = 2879DA7D25DDC608009F8EA7 /* CakeListTableViewCellVMProtocol.swift */; };
		28D5930025E1B28A00FD5498 /* SceneDelegate.swift in Sources */ = {isa = PBXBuildFile; fileRef = CEF6389C25B73FA7009F967A /* SceneDelegate.swift */; };
		28D5930425E1B28D00FD5498 /* AppDelegate.swift in Sources */ = {isa = PBXBuildFile; fileRef = CEF6389A25B73FA7009F967A /* AppDelegate.swift */; };
		28D5930825E1B29700FD5498 /* Cake.swift in Sources */ = {isa = PBXBuildFile; fileRef = CEF638DB25B99C2C009F967A /* Cake.swift */; };
		28D5930C25E1B2A100FD5498 /* CakeListTableViewCellVMProtocol.swift in Sources */ = {isa = PBXBuildFile; fileRef = 2879DA7D25DDC608009F8EA7 /* CakeListTableViewCellVMProtocol.swift */; };
		28D5931025E1B2A600FD5498 /* AppConfiguration.swift in Sources */ = {isa = PBXBuildFile; fileRef = 2867EA3B25DC8B3F00F73E5C /* AppConfiguration.swift */; };
		28D5931425E1B2BA00FD5498 /* CakeDetailViewController.swift in Sources */ = {isa = PBXBuildFile; fileRef = CEF638D625B998C8009F967A /* CakeDetailViewController.swift */; };
		28D5931825E1B2BF00FD5498 /* CakeListViewController.swift in Sources */ = {isa = PBXBuildFile; fileRef = CEF638D125B88C65009F967A /* CakeListViewController.swift */; };
		28D5931C25E1B2D700FD5498 /* CakeDetailViewModelProtocol.swift in Sources */ = {isa = PBXBuildFile; fileRef = 28F5C8A625DE696100DDADF7 /* CakeDetailViewModelProtocol.swift */; };
		28F5C8A725DE696100DDADF7 /* CakeDetailViewModelProtocol.swift in Sources */ = {isa = PBXBuildFile; fileRef = 28F5C8A625DE696100DDADF7 /* CakeDetailViewModelProtocol.swift */; };
		28F5C8B625DE756900DDADF7 /* CakeTitleTableViewCell.swift in Sources */ = {isa = PBXBuildFile; fileRef = 28F5C8B525DE756900DDADF7 /* CakeTitleTableViewCell.swift */; };
		28F5C8B725DE756900DDADF7 /* CakeTitleTableViewCell.swift in Sources */ = {isa = PBXBuildFile; fileRef = 28F5C8B525DE756900DDADF7 /* CakeTitleTableViewCell.swift */; };
		28F5C8B825DE756900DDADF7 /* CakeTitleTableViewCell.swift in Sources */ = {isa = PBXBuildFile; fileRef = 28F5C8B525DE756900DDADF7 /* CakeTitleTableViewCell.swift */; };
		28F5C8BD25DE757A00DDADF7 /* CakeDescriptionTableViewCell.swift in Sources */ = {isa = PBXBuildFile; fileRef = 28F5C8BC25DE757A00DDADF7 /* CakeDescriptionTableViewCell.swift */; };
		28F5C8BE25DE757A00DDADF7 /* CakeDescriptionTableViewCell.swift in Sources */ = {isa = PBXBuildFile; fileRef = 28F5C8BC25DE757A00DDADF7 /* CakeDescriptionTableViewCell.swift */; };
		28F5C8BF25DE757A00DDADF7 /* CakeDescriptionTableViewCell.swift in Sources */ = {isa = PBXBuildFile; fileRef = 28F5C8BC25DE757A00DDADF7 /* CakeDescriptionTableViewCell.swift */; };
		28F5C8D025DEBCD100DDADF7 /* CakeServicesMock.swift in Sources */ = {isa = PBXBuildFile; fileRef = 28F5C8CF25DEBCD100DDADF7 /* CakeServicesMock.swift */; };
		28F5C8D725DEBDA900DDADF7 /* CakeListViewModelTests.swift in Sources */ = {isa = PBXBuildFile; fileRef = 28F5C8D625DEBDA900DDADF7 /* CakeListViewModelTests.swift */; };
		28F5C8DE25DEC0CC00DDADF7 /* CakeListViewController.swift in Sources */ = {isa = PBXBuildFile; fileRef = CEF638D125B88C65009F967A /* CakeListViewController.swift */; };
		28F5C8E225DEC0D400DDADF7 /* CakeDetailViewController.swift in Sources */ = {isa = PBXBuildFile; fileRef = CEF638D625B998C8009F967A /* CakeDetailViewController.swift */; };
		28F5C8E625DEC0E300DDADF7 /* Cake.swift in Sources */ = {isa = PBXBuildFile; fileRef = CEF638DB25B99C2C009F967A /* Cake.swift */; };
		28F5C8EA25DEC10700DDADF7 /* CakeListTableViewCellVMProtocol.swift in Sources */ = {isa = PBXBuildFile; fileRef = 2879DA7D25DDC608009F8EA7 /* CakeListTableViewCellVMProtocol.swift */; };
		28F5C8EB25DEC10900DDADF7 /* CakeDetailViewModelProtocol.swift in Sources */ = {isa = PBXBuildFile; fileRef = 28F5C8A625DE696100DDADF7 /* CakeDetailViewModelProtocol.swift */; };
		28F5C90C25DECA2500DDADF7 /* MockCake.json in Resources */ = {isa = PBXBuildFile; fileRef = 2867EA3525DC8A4E00F73E5C /* MockCake.json */; };
		28F5C91025DECA7200DDADF7 /* MockCake.json in Resources */ = {isa = PBXBuildFile; fileRef = 2867EA3525DC8A4E00F73E5C /* MockCake.json */; };
		28F5C91A25DECA9E00DDADF7 /* AppConfiguration.swift in Sources */ = {isa = PBXBuildFile; fileRef = 2867EA3B25DC8B3F00F73E5C /* AppConfiguration.swift */; };
		28F5C91E25DECA9E00DDADF7 /* AppConfiguration.swift in Sources */ = {isa = PBXBuildFile; fileRef = 2867EA3B25DC8B3F00F73E5C /* AppConfiguration.swift */; };
		28F5C92225DECBAF00DDADF7 /* CakeServicesMock.swift in Sources */ = {isa = PBXBuildFile; fileRef = 28F5C8CF25DEBCD100DDADF7 /* CakeServicesMock.swift */; };
		28F5C93125DF263800DDADF7 /* AppRouter.swift in Sources */ = {isa = PBXBuildFile; fileRef = 28F5C93025DF263800DDADF7 /* AppRouter.swift */; };
		28F5C93225DF263800DDADF7 /* AppRouter.swift in Sources */ = {isa = PBXBuildFile; fileRef = 28F5C93025DF263800DDADF7 /* AppRouter.swift */; };
		28F5C93325DF263800DDADF7 /* AppRouter.swift in Sources */ = {isa = PBXBuildFile; fileRef = 28F5C93025DF263800DDADF7 /* AppRouter.swift */; };
		28F5C93B25DF26E400DDADF7 /* Helper.swift in Sources */ = {isa = PBXBuildFile; fileRef = 28F5C93A25DF26E400DDADF7 /* Helper.swift */; };
		28F5C93C25DF26E400DDADF7 /* Helper.swift in Sources */ = {isa = PBXBuildFile; fileRef = 28F5C93A25DF26E400DDADF7 /* Helper.swift */; };
		28F5C93D25DF26E400DDADF7 /* Helper.swift in Sources */ = {isa = PBXBuildFile; fileRef = 28F5C93A25DF26E400DDADF7 /* Helper.swift */; };
		28F5C94725DF308800DDADF7 /* SceneDelegate.swift in Sources */ = {isa = PBXBuildFile; fileRef = CEF6389C25B73FA7009F967A /* SceneDelegate.swift */; };
		28F5C94B25DF308B00DDADF7 /* AppDelegate.swift in Sources */ = {isa = PBXBuildFile; fileRef = CEF6389A25B73FA7009F967A /* AppDelegate.swift */; };
		28FA41BF25E11BA800BE6F95 /* CakeListTableViewCellVMTests.swift in Sources */ = {isa = PBXBuildFile; fileRef = 28FA41BE25E11BA800BE6F95 /* CakeListTableViewCellVMTests.swift */; };
		CEF6389B25B73FA7009F967A /* AppDelegate.swift in Sources */ = {isa = PBXBuildFile; fileRef = CEF6389A25B73FA7009F967A /* AppDelegate.swift */; };
		CEF6389D25B73FA7009F967A /* SceneDelegate.swift in Sources */ = {isa = PBXBuildFile; fileRef = CEF6389C25B73FA7009F967A /* SceneDelegate.swift */; };
		CEF638A225B73FA7009F967A /* Main.storyboard in Resources */ = {isa = PBXBuildFile; fileRef = CEF638A025B73FA7009F967A /* Main.storyboard */; };
		CEF638A425B73FA8009F967A /* Assets.xcassets in Resources */ = {isa = PBXBuildFile; fileRef = CEF638A325B73FA8009F967A /* Assets.xcassets */; };
		CEF638A725B73FA8009F967A /* LaunchScreen.storyboard in Resources */ = {isa = PBXBuildFile; fileRef = CEF638A525B73FA8009F967A /* LaunchScreen.storyboard */; };
		CEF638D225B88C65009F967A /* CakeListViewController.swift in Sources */ = {isa = PBXBuildFile; fileRef = CEF638D125B88C65009F967A /* CakeListViewController.swift */; };
		CEF638D725B998C8009F967A /* CakeDetailViewController.swift in Sources */ = {isa = PBXBuildFile; fileRef = CEF638D625B998C8009F967A /* CakeDetailViewController.swift */; };
		CEF638DC25B99C2C009F967A /* Cake.swift in Sources */ = {isa = PBXBuildFile; fileRef = CEF638DB25B99C2C009F967A /* Cake.swift */; };
/* End PBXBuildFile section */

/* Begin PBXContainerItemProxy section */
		CEF638AE25B73FA8009F967A /* PBXContainerItemProxy */ = {
			isa = PBXContainerItemProxy;
			containerPortal = CEF6388F25B73FA7009F967A /* Project object */;
			proxyType = 1;
			remoteGlobalIDString = CEF6389625B73FA7009F967A;
			remoteInfo = CakeItApp;
		};
		CEF638B925B73FA8009F967A /* PBXContainerItemProxy */ = {
			isa = PBXContainerItemProxy;
			containerPortal = CEF6388F25B73FA7009F967A /* Project object */;
			proxyType = 1;
			remoteGlobalIDString = CEF6389625B73FA7009F967A;
			remoteInfo = CakeItApp;
		};
/* End PBXContainerItemProxy section */

/* Begin PBXFileReference section */
		281D085425E286170079CD88 /* CakeListUITests.swift */ = {isa = PBXFileReference; lastKnownFileType = sourcecode.swift; path = CakeListUITests.swift; sourceTree = "<group>"; };
		2867EA3525DC8A4E00F73E5C /* MockCake.json */ = {isa = PBXFileReference; fileEncoding = 4; lastKnownFileType = text.json; path = MockCake.json; sourceTree = "<group>"; };
		2867EA3B25DC8B3F00F73E5C /* AppConfiguration.swift */ = {isa = PBXFileReference; lastKnownFileType = sourcecode.swift; path = AppConfiguration.swift; sourceTree = "<group>"; };
		2867EA4B25DC8B6B00F73E5C /* Production.xcconfig */ = {isa = PBXFileReference; lastKnownFileType = text.xcconfig; path = Production.xcconfig; sourceTree = "<group>"; };
		2867EA5925DC8B8D00F73E5C /* Staging.xcconfig */ = {isa = PBXFileReference; lastKnownFileType = text.xcconfig; path = Staging.xcconfig; sourceTree = "<group>"; };
		2867EA5E25DC8BA000F73E5C /* Development.xcconfig */ = {isa = PBXFileReference; lastKnownFileType = text.xcconfig; path = Development.xcconfig; sourceTree = "<group>"; };
		2867EA7725DC8DE200F73E5C /* Localizable.strings */ = {isa = PBXFileReference; lastKnownFileType = text.plist.strings; path = Localizable.strings; sourceTree = "<group>"; };
		2867EA7E25DC8FE800F73E5C /* Constants.swift */ = {isa = PBXFileReference; lastKnownFileType = sourcecode.swift; path = Constants.swift; sourceTree = "<group>"; };
		2867EA8E25DC914B00F73E5C /* CakeListViewModel.swift */ = {isa = PBXFileReference; lastKnownFileType = sourcecode.swift; path = CakeListViewModel.swift; sourceTree = "<group>"; };
		2867EA9825DC915A00F73E5C /* CakeDetailViewModel.swift */ = {isa = PBXFileReference; lastKnownFileType = sourcecode.swift; path = CakeDetailViewModel.swift; sourceTree = "<group>"; };
		2867EA9F25DC91CF00F73E5C /* CakeListTableViewCellVM.swift */ = {isa = PBXFileReference; lastKnownFileType = sourcecode.swift; path = CakeListTableViewCellVM.swift; sourceTree = "<group>"; };
		2879DA0625DD09C0009F8EA7 /* CakeListViewModelProtocol.swift */ = {isa = PBXFileReference; lastKnownFileType = sourcecode.swift; path = CakeListViewModelProtocol.swift; sourceTree = "<group>"; };
		2879DA0D25DD0B44009F8EA7 /* APICakeProtocol.swift */ = {isa = PBXFileReference; lastKnownFileType = sourcecode.swift; path = APICakeProtocol.swift; sourceTree = "<group>"; };
		2879DA1525DD0CB3009F8EA7 /* CakeServices.swift */ = {isa = PBXFileReference; lastKnownFileType = sourcecode.swift; path = CakeServices.swift; sourceTree = "<group>"; };
		2879DA1F25DD1315009F8EA7 /* Extensions.swift */ = {isa = PBXFileReference; lastKnownFileType = sourcecode.swift; path = Extensions.swift; sourceTree = "<group>"; };
		2879DA2925DD1B96009F8EA7 /* CakeListTableViewCell.swift */ = {isa = PBXFileReference; lastKnownFileType = sourcecode.swift; path = CakeListTableViewCell.swift; sourceTree = "<group>"; };
		2879DA7D25DDC608009F8EA7 /* CakeListTableViewCellVMProtocol.swift */ = {isa = PBXFileReference; lastKnownFileType = sourcecode.swift; path = CakeListTableViewCellVMProtocol.swift; sourceTree = "<group>"; };
		28F5C8A625DE696100DDADF7 /* CakeDetailViewModelProtocol.swift */ = {isa = PBXFileReference; lastKnownFileType = sourcecode.swift; path = CakeDetailViewModelProtocol.swift; sourceTree = "<group>"; };
		28F5C8B525DE756900DDADF7 /* CakeTitleTableViewCell.swift */ = {isa = PBXFileReference; lastKnownFileType = sourcecode.swift; path = CakeTitleTableViewCell.swift; sourceTree = "<group>"; };
		28F5C8BC25DE757A00DDADF7 /* CakeDescriptionTableViewCell.swift */ = {isa = PBXFileReference; lastKnownFileType = sourcecode.swift; path = CakeDescriptionTableViewCell.swift; sourceTree = "<group>"; };
		28F5C8CF25DEBCD100DDADF7 /* CakeServicesMock.swift */ = {isa = PBXFileReference; lastKnownFileType = sourcecode.swift; path = CakeServicesMock.swift; sourceTree = "<group>"; };
		28F5C8D625DEBDA900DDADF7 /* CakeListViewModelTests.swift */ = {isa = PBXFileReference; lastKnownFileType = sourcecode.swift; path = CakeListViewModelTests.swift; sourceTree = "<group>"; };
		28F5C93025DF263800DDADF7 /* AppRouter.swift */ = {isa = PBXFileReference; lastKnownFileType = sourcecode.swift; path = AppRouter.swift; sourceTree = "<group>"; };
		28F5C93A25DF26E400DDADF7 /* Helper.swift */ = {isa = PBXFileReference; lastKnownFileType = sourcecode.swift; path = Helper.swift; sourceTree = "<group>"; };
		28FA41BE25E11BA800BE6F95 /* CakeListTableViewCellVMTests.swift */ = {isa = PBXFileReference; lastKnownFileType = sourcecode.swift; path = CakeListTableViewCellVMTests.swift; sourceTree = "<group>"; };
		CEF6389725B73FA7009F967A /* CakeIt.app */ = {isa = PBXFileReference; explicitFileType = wrapper.application; includeInIndex = 0; path = CakeIt.app; sourceTree = BUILT_PRODUCTS_DIR; };
		CEF6389A25B73FA7009F967A /* AppDelegate.swift */ = {isa = PBXFileReference; lastKnownFileType = sourcecode.swift; path = AppDelegate.swift; sourceTree = "<group>"; };
		CEF6389C25B73FA7009F967A /* SceneDelegate.swift */ = {isa = PBXFileReference; lastKnownFileType = sourcecode.swift; path = SceneDelegate.swift; sourceTree = "<group>"; };
		CEF638A125B73FA7009F967A /* Base */ = {isa = PBXFileReference; lastKnownFileType = file.storyboard; name = Base; path = Base.lproj/Main.storyboard; sourceTree = "<group>"; };
		CEF638A325B73FA8009F967A /* Assets.xcassets */ = {isa = PBXFileReference; lastKnownFileType = folder.assetcatalog; path = Assets.xcassets; sourceTree = "<group>"; };
		CEF638A625B73FA8009F967A /* Base */ = {isa = PBXFileReference; lastKnownFileType = file.storyboard; name = Base; path = Base.lproj/LaunchScreen.storyboard; sourceTree = "<group>"; };
		CEF638A825B73FA8009F967A /* Info.plist */ = {isa = PBXFileReference; lastKnownFileType = text.plist.xml; path = Info.plist; sourceTree = "<group>"; };
		CEF638AD25B73FA8009F967A /* CakeItAppTests.xctest */ = {isa = PBXFileReference; explicitFileType = wrapper.cfbundle; includeInIndex = 0; path = CakeItAppTests.xctest; sourceTree = BUILT_PRODUCTS_DIR; };
		CEF638B325B73FA8009F967A /* Info.plist */ = {isa = PBXFileReference; lastKnownFileType = text.plist.xml; path = Info.plist; sourceTree = "<group>"; };
		CEF638B825B73FA8009F967A /* CakeItAppUITests.xctest */ = {isa = PBXFileReference; explicitFileType = wrapper.cfbundle; includeInIndex = 0; path = CakeItAppUITests.xctest; sourceTree = BUILT_PRODUCTS_DIR; };
		CEF638BE25B73FA8009F967A /* Info.plist */ = {isa = PBXFileReference; lastKnownFileType = text.plist.xml; path = Info.plist; sourceTree = "<group>"; };
		CEF638D125B88C65009F967A /* CakeListViewController.swift */ = {isa = PBXFileReference; lastKnownFileType = sourcecode.swift; path = CakeListViewController.swift; sourceTree = "<group>"; };
		CEF638D625B998C8009F967A /* CakeDetailViewController.swift */ = {isa = PBXFileReference; lastKnownFileType = sourcecode.swift; path = CakeDetailViewController.swift; sourceTree = "<group>"; };
		CEF638DB25B99C2C009F967A /* Cake.swift */ = {isa = PBXFileReference; lastKnownFileType = sourcecode.swift; path = Cake.swift; sourceTree = "<group>"; };
/* End PBXFileReference section */

/* Begin PBXFrameworksBuildPhase section */
		CEF6389425B73FA7009F967A /* Frameworks */ = {
			isa = PBXFrameworksBuildPhase;
			buildActionMask = 2147483647;
			files = (
			);
			runOnlyForDeploymentPostprocessing = 0;
		};
		CEF638AA25B73FA8009F967A /* Frameworks */ = {
			isa = PBXFrameworksBuildPhase;
			buildActionMask = 2147483647;
			files = (
			);
			runOnlyForDeploymentPostprocessing = 0;
		};
		CEF638B525B73FA8009F967A /* Frameworks */ = {
			isa = PBXFrameworksBuildPhase;
			buildActionMask = 2147483647;
			files = (
			);
			runOnlyForDeploymentPostprocessing = 0;
		};
/* End PBXFrameworksBuildPhase section */

/* Begin PBXGroup section */
		2867EA3425DC8A2000F73E5C /* Resources */ = {
			isa = PBXGroup;
			children = (
				2867EA3525DC8A4E00F73E5C /* MockCake.json */,
				2867EA7725DC8DE200F73E5C /* Localizable.strings */,
			);
			path = Resources;
			sourceTree = "<group>";
		};
		2867EA3A25DC8B1800F73E5C /* AppConfiguration */ = {
			isa = PBXGroup;
			children = (
				2867EA3B25DC8B3F00F73E5C /* AppConfiguration.swift */,
				2867EA4B25DC8B6B00F73E5C /* Production.xcconfig */,
				2867EA5925DC8B8D00F73E5C /* Staging.xcconfig */,
				2867EA5E25DC8BA000F73E5C /* Development.xcconfig */,
			);
			path = AppConfiguration;
			sourceTree = "<group>";
		};
		2867EA7325DC8D3900F73E5C /* AppDelegate */ = {
			isa = PBXGroup;
			children = (
				CEF6389A25B73FA7009F967A /* AppDelegate.swift */,
				CEF6389C25B73FA7009F967A /* SceneDelegate.swift */,
			);
			path = AppDelegate;
			sourceTree = "<group>";
		};
		2867EA7C25DC8FB700F73E5C /* Common */ = {
			isa = PBXGroup;
			children = (
				28F5C93A25DF26E400DDADF7 /* Helper.swift */,
				2867EA7E25DC8FE800F73E5C /* Constants.swift */,
				2879DA1F25DD1315009F8EA7 /* Extensions.swift */,
			);
			path = Common;
			sourceTree = "<group>";
		};
		2867EA8825DC909800F73E5C /* Model */ = {
			isa = PBXGroup;
			children = (
				CEF638DB25B99C2C009F967A /* Cake.swift */,
			);
			path = Model;
			sourceTree = "<group>";
		};
		2867EA8925DC90A800F73E5C /* View */ = {
			isa = PBXGroup;
			children = (
				2867EA8B25DC90C100F73E5C /* Storyboard */,
				2867EA8C25DC90CD00F73E5C /* Home */,
				2867EA8D25DC90D400F73E5C /* Detail */,
			);
			path = View;
			sourceTree = "<group>";
		};
		2867EA8A25DC90B000F73E5C /* ViewModel */ = {
			isa = PBXGroup;
			children = (
				2867EA8E25DC914B00F73E5C /* CakeListViewModel.swift */,
				2867EA9F25DC91CF00F73E5C /* CakeListTableViewCellVM.swift */,
				2867EA9825DC915A00F73E5C /* CakeDetailViewModel.swift */,
			);
			path = ViewModel;
			sourceTree = "<group>";
		};
		2867EA8B25DC90C100F73E5C /* Storyboard */ = {
			isa = PBXGroup;
			children = (
				CEF638A525B73FA8009F967A /* LaunchScreen.storyboard */,
				CEF638A025B73FA7009F967A /* Main.storyboard */,
			);
			path = Storyboard;
			sourceTree = "<group>";
		};
		2867EA8C25DC90CD00F73E5C /* Home */ = {
			isa = PBXGroup;
			children = (
				CEF638D125B88C65009F967A /* CakeListViewController.swift */,
				2879DA2925DD1B96009F8EA7 /* CakeListTableViewCell.swift */,
			);
			path = Home;
			sourceTree = "<group>";
		};
		2867EA8D25DC90D400F73E5C /* Detail */ = {
			isa = PBXGroup;
			children = (
				CEF638D625B998C8009F967A /* CakeDetailViewController.swift */,
				28F5C8B525DE756900DDADF7 /* CakeTitleTableViewCell.swift */,
				28F5C8BC25DE757A00DDADF7 /* CakeDescriptionTableViewCell.swift */,
			);
			path = Detail;
			sourceTree = "<group>";
		};
		2879DA0225DD0999009F8EA7 /* Protocol */ = {
			isa = PBXGroup;
			children = (
				2879DA0D25DD0B44009F8EA7 /* APICakeProtocol.swift */,
				2879DA0625DD09C0009F8EA7 /* CakeListViewModelProtocol.swift */,
				2879DA7D25DDC608009F8EA7 /* CakeListTableViewCellVMProtocol.swift */,
				28F5C8A625DE696100DDADF7 /* CakeDetailViewModelProtocol.swift */,
			);
			path = Protocol;
			sourceTree = "<group>";
		};
		2879DA1425DD0C96009F8EA7 /* Services */ = {
			isa = PBXGroup;
			children = (
				2879DA1525DD0CB3009F8EA7 /* CakeServices.swift */,
			);
			path = Services;
			sourceTree = "<group>";
		};
		28F5C8D425DEBD8200DDADF7 /* VM */ = {
			isa = PBXGroup;
			children = (
				28F5C8D625DEBDA900DDADF7 /* CakeListViewModelTests.swift */,
				28FA41BE25E11BA800BE6F95 /* CakeListTableViewCellVMTests.swift */,
			);
			path = VM;
			sourceTree = "<group>";
		};
		28F5C8D525DEBD9100DDADF7 /* Services */ = {
			isa = PBXGroup;
			children = (
				28F5C8CF25DEBCD100DDADF7 /* CakeServicesMock.swift */,
			);
			path = Services;
			sourceTree = "<group>";
		};
		28F5C92F25DF262A00DDADF7 /* AppRouter */ = {
			isa = PBXGroup;
			children = (
				28F5C93025DF263800DDADF7 /* AppRouter.swift */,
			);
			path = AppRouter;
			sourceTree = "<group>";
		};
		CEF6388E25B73FA7009F967A = {
			isa = PBXGroup;
			children = (
				CEF6389925B73FA7009F967A /* CakeItApp */,
				CEF638B025B73FA8009F967A /* CakeItAppTests */,
				CEF638BB25B73FA8009F967A /* CakeItAppUITests */,
				CEF6389825B73FA7009F967A /* Products */,
			);
			sourceTree = "<group>";
		};
		CEF6389825B73FA7009F967A /* Products */ = {
			isa = PBXGroup;
			children = (
				CEF6389725B73FA7009F967A /* CakeIt.app */,
				CEF638AD25B73FA8009F967A /* CakeItAppTests.xctest */,
				CEF638B825B73FA8009F967A /* CakeItAppUITests.xctest */,
			);
			name = Products;
			sourceTree = "<group>";
		};
		CEF6389925B73FA7009F967A /* CakeItApp */ = {
			isa = PBXGroup;
			children = (
				2867EA3A25DC8B1800F73E5C /* AppConfiguration */,
				2867EA7325DC8D3900F73E5C /* AppDelegate */,
				2879DA0225DD0999009F8EA7 /* Protocol */,
				2867EA7C25DC8FB700F73E5C /* Common */,
				2867EA8825DC909800F73E5C /* Model */,
				2879DA1425DD0C96009F8EA7 /* Services */,
				28F5C92F25DF262A00DDADF7 /* AppRouter */,
				2867EA8925DC90A800F73E5C /* View */,
				2867EA8A25DC90B000F73E5C /* ViewModel */,
				CEF638A325B73FA8009F967A /* Assets.xcassets */,
				2867EA3425DC8A2000F73E5C /* Resources */,
				CEF638A825B73FA8009F967A /* Info.plist */,
			);
			path = CakeItApp;
			sourceTree = "<group>";
		};
		CEF638B025B73FA8009F967A /* CakeItAppTests */ = {
			isa = PBXGroup;
			children = (
				28F5C8D525DEBD9100DDADF7 /* Services */,
				28F5C8D425DEBD8200DDADF7 /* VM */,
				CEF638B325B73FA8009F967A /* Info.plist */,
			);
			path = CakeItAppTests;
			sourceTree = "<group>";
		};
		CEF638BB25B73FA8009F967A /* CakeItAppUITests */ = {
			isa = PBXGroup;
			children = (
				281D085425E286170079CD88 /* CakeListUITests.swift */,
				CEF638BE25B73FA8009F967A /* Info.plist */,
			);
			path = CakeItAppUITests;
			sourceTree = "<group>";
		};
/* End PBXGroup section */

/* Begin PBXNativeTarget section */
		CEF6389625B73FA7009F967A /* CakeItApp */ = {
			isa = PBXNativeTarget;
			buildConfigurationList = CEF638C125B73FA8009F967A /* Build configuration list for PBXNativeTarget "CakeItApp" */;
			buildPhases = (
				CEF6389325B73FA7009F967A /* Sources */,
				CEF6389425B73FA7009F967A /* Frameworks */,
				CEF6389525B73FA7009F967A /* Resources */,
			);
			buildRules = (
			);
			dependencies = (
			);
			name = CakeItApp;
			productName = CakeItApp;
			productReference = CEF6389725B73FA7009F967A /* CakeIt.app */;
			productType = "com.apple.product-type.application";
		};
		CEF638AC25B73FA8009F967A /* CakeItAppTests */ = {
			isa = PBXNativeTarget;
			buildConfigurationList = CEF638C425B73FA8009F967A /* Build configuration list for PBXNativeTarget "CakeItAppTests" */;
			buildPhases = (
				CEF638A925B73FA8009F967A /* Sources */,
				CEF638AA25B73FA8009F967A /* Frameworks */,
				CEF638AB25B73FA8009F967A /* Resources */,
			);
			buildRules = (
			);
			dependencies = (
				CEF638AF25B73FA8009F967A /* PBXTargetDependency */,
			);
			name = CakeItAppTests;
			productName = CakeItAppTests;
			productReference = CEF638AD25B73FA8009F967A /* CakeItAppTests.xctest */;
			productType = "com.apple.product-type.bundle.unit-test";
		};
		CEF638B725B73FA8009F967A /* CakeItAppUITests */ = {
			isa = PBXNativeTarget;
			buildConfigurationList = CEF638C725B73FA8009F967A /* Build configuration list for PBXNativeTarget "CakeItAppUITests" */;
			buildPhases = (
				CEF638B425B73FA8009F967A /* Sources */,
				CEF638B525B73FA8009F967A /* Frameworks */,
				CEF638B625B73FA8009F967A /* Resources */,
			);
			buildRules = (
			);
			dependencies = (
				CEF638BA25B73FA8009F967A /* PBXTargetDependency */,
			);
			name = CakeItAppUITests;
			productName = CakeItAppUITests;
			productReference = CEF638B825B73FA8009F967A /* CakeItAppUITests.xctest */;
			productType = "com.apple.product-type.bundle.ui-testing";
		};
/* End PBXNativeTarget section */

/* Begin PBXProject section */
		CEF6388F25B73FA7009F967A /* Project object */ = {
			isa = PBXProject;
			attributes = {
				LastSwiftUpdateCheck = 1230;
				LastUpgradeCheck = 1240;
				TargetAttributes = {
					CEF6389625B73FA7009F967A = {
						CreatedOnToolsVersion = 12.3;
					};
					CEF638AC25B73FA8009F967A = {
						CreatedOnToolsVersion = 12.3;
						TestTargetID = CEF6389625B73FA7009F967A;
					};
					CEF638B725B73FA8009F967A = {
						CreatedOnToolsVersion = 12.3;
						TestTargetID = CEF6389625B73FA7009F967A;
					};
				};
			};
			buildConfigurationList = CEF6389225B73FA7009F967A /* Build configuration list for PBXProject "CakeItApp" */;
			compatibilityVersion = "Xcode 9.3";
			developmentRegion = en;
			hasScannedForEncodings = 0;
			knownRegions = (
				en,
				Base,
			);
			mainGroup = CEF6388E25B73FA7009F967A;
			productRefGroup = CEF6389825B73FA7009F967A /* Products */;
			projectDirPath = "";
			projectRoot = "";
			targets = (
				CEF6389625B73FA7009F967A /* CakeItApp */,
				CEF638AC25B73FA8009F967A /* CakeItAppTests */,
				CEF638B725B73FA8009F967A /* CakeItAppUITests */,
			);
		};
/* End PBXProject section */

/* Begin PBXResourcesBuildPhase section */
		CEF6389525B73FA7009F967A /* Resources */ = {
			isa = PBXResourcesBuildPhase;
			buildActionMask = 2147483647;
			files = (
				CEF638A725B73FA8009F967A /* LaunchScreen.storyboard in Resources */,
				CEF638A425B73FA8009F967A /* Assets.xcassets in Resources */,
				CEF638A225B73FA7009F967A /* Main.storyboard in Resources */,
				2867EA7825DC8DE300F73E5C /* Localizable.strings in Resources */,
				2867EA3625DC8A4E00F73E5C /* MockCake.json in Resources */,
			);
			runOnlyForDeploymentPostprocessing = 0;
		};
		CEF638AB25B73FA8009F967A /* Resources */ = {
			isa = PBXResourcesBuildPhase;
			buildActionMask = 2147483647;
			files = (
				28F5C90C25DECA2500DDADF7 /* MockCake.json in Resources */,
			);
			runOnlyForDeploymentPostprocessing = 0;
		};
		CEF638B625B73FA8009F967A /* Resources */ = {
			isa = PBXResourcesBuildPhase;
			buildActionMask = 2147483647;
			files = (
				28F5C91025DECA7200DDADF7 /* MockCake.json in Resources */,
			);
			runOnlyForDeploymentPostprocessing = 0;
		};
/* End PBXResourcesBuildPhase section */

/* Begin PBXSourcesBuildPhase section */
		CEF6389325B73FA7009F967A /* Sources */ = {
			isa = PBXSourcesBuildPhase;
			buildActionMask = 2147483647;
			files = (
				CEF638D225B88C65009F967A /* CakeListViewController.swift in Sources */,
				28F5C8A725DE696100DDADF7 /* CakeDetailViewModelProtocol.swift in Sources */,
				2879DA2A25DD1B96009F8EA7 /* CakeListTableViewCell.swift in Sources */,
				CEF6389B25B73FA7009F967A /* AppDelegate.swift in Sources */,
				CEF638DC25B99C2C009F967A /* Cake.swift in Sources */,
				2879DA0725DD09C0009F8EA7 /* CakeListViewModelProtocol.swift in Sources */,
				CEF6389D25B73FA7009F967A /* SceneDelegate.swift in Sources */,
				28F5C92225DECBAF00DDADF7 /* CakeServicesMock.swift in Sources */,
				2879DA1625DD0CB3009F8EA7 /* CakeServices.swift in Sources */,
				2879DA7E25DDC608009F8EA7 /* CakeListTableViewCellVMProtocol.swift in Sources */,
				CEF638D725B998C8009F967A /* CakeDetailViewController.swift in Sources */,
				28F5C93B25DF26E400DDADF7 /* Helper.swift in Sources */,
				28F5C93125DF263800DDADF7 /* AppRouter.swift in Sources */,
				2867EA9925DC915A00F73E5C /* CakeDetailViewModel.swift in Sources */,
				2879DA2025DD1315009F8EA7 /* Extensions.swift in Sources */,
				2867EA8F25DC914B00F73E5C /* CakeListViewModel.swift in Sources */,
				28F5C8B625DE756900DDADF7 /* CakeTitleTableViewCell.swift in Sources */,
				2879DA0E25DD0B44009F8EA7 /* APICakeProtocol.swift in Sources */,
				28F5C91A25DECA9E00DDADF7 /* AppConfiguration.swift in Sources */,
				2867EAA025DC91CF00F73E5C /* CakeListTableViewCellVM.swift in Sources */,
				2867EA7F25DC8FE800F73E5C /* Constants.swift in Sources */,
				28F5C8BD25DE757A00DDADF7 /* CakeDescriptionTableViewCell.swift in Sources */,
			);
			runOnlyForDeploymentPostprocessing = 0;
		};
		CEF638A925B73FA8009F967A /* Sources */ = {
			isa = PBXSourcesBuildPhase;
			buildActionMask = 2147483647;
			files = (
				28F5C94B25DF308B00DDADF7 /* AppDelegate.swift in Sources */,
				2879DA2125DD1315009F8EA7 /* Extensions.swift in Sources */,
				2867EAA125DC91CF00F73E5C /* CakeListTableViewCellVM.swift in Sources */,
				2879DA0F25DD0B44009F8EA7 /* APICakeProtocol.swift in Sources */,
				2867EA9025DC914B00F73E5C /* CakeListViewModel.swift in Sources */,
				2867EA8025DC8FE800F73E5C /* Constants.swift in Sources */,
				28F5C94725DF308800DDADF7 /* SceneDelegate.swift in Sources */,
				28F5C91E25DECA9E00DDADF7 /* AppConfiguration.swift in Sources */,
				28F5C8B725DE756900DDADF7 /* CakeTitleTableViewCell.swift in Sources */,
				28F5C8EB25DEC10900DDADF7 /* CakeDetailViewModelProtocol.swift in Sources */,
				28F5C8D025DEBCD100DDADF7 /* CakeServicesMock.swift in Sources */,
				2879DA1725DD0CB3009F8EA7 /* CakeServices.swift in Sources */,
				28F5C93C25DF26E400DDADF7 /* Helper.swift in Sources */,
				28F5C93225DF263800DDADF7 /* AppRouter.swift in Sources */,
				28F5C8DE25DEC0CC00DDADF7 /* CakeListViewController.swift in Sources */,
				28F5C8EA25DEC10700DDADF7 /* CakeListTableViewCellVMProtocol.swift in Sources */,
				28F5C8BE25DE757A00DDADF7 /* CakeDescriptionTableViewCell.swift in Sources */,
				2879DA0825DD09C0009F8EA7 /* CakeListViewModelProtocol.swift in Sources */,
				2867EA9A25DC915A00F73E5C /* CakeDetailViewModel.swift in Sources */,
				28FA41BF25E11BA800BE6F95 /* CakeListTableViewCellVMTests.swift in Sources */,
				28F5C8D725DEBDA900DDADF7 /* CakeListViewModelTests.swift in Sources */,
				2879DA2B25DD1B96009F8EA7 /* CakeListTableViewCell.swift in Sources */,
				28F5C8E225DEC0D400DDADF7 /* CakeDetailViewController.swift in Sources */,
				28F5C8E625DEC0E300DDADF7 /* Cake.swift in Sources */,
			);
			runOnlyForDeploymentPostprocessing = 0;
		};
		CEF638B425B73FA8009F967A /* Sources */ = {
			isa = PBXSourcesBuildPhase;
			buildActionMask = 2147483647;
			files = (
				28F5C93D25DF26E400DDADF7 /* Helper.swift in Sources */,
				2879DA2225DD1315009F8EA7 /* Extensions.swift in Sources */,
				2867EAA225DC91CF00F73E5C /* CakeListTableViewCellVM.swift in Sources */,
				281D085525E286170079CD88 /* CakeListUITests.swift in Sources */,
				2879DA1025DD0B44009F8EA7 /* APICakeProtocol.swift in Sources */,
				28D5930025E1B28A00FD5498 /* SceneDelegate.swift in Sources */,
				2867EA9125DC914B00F73E5C /* CakeListViewModel.swift in Sources */,
				2867EA8125DC8FE800F73E5C /* Constants.swift in Sources */,
				28D5930425E1B28D00FD5498 /* AppDelegate.swift in Sources */,
				28D5931C25E1B2D700FD5498 /* CakeDetailViewModelProtocol.swift in Sources */,
				28D5931825E1B2BF00FD5498 /* CakeListViewController.swift in Sources */,
				28F5C8B825DE756900DDADF7 /* CakeTitleTableViewCell.swift in Sources */,
				28D5930C25E1B2A100FD5498 /* CakeListTableViewCellVMProtocol.swift in Sources */,
				28D5931425E1B2BA00FD5498 /* CakeDetailViewController.swift in Sources */,
				2879DA1825DD0CB3009F8EA7 /* CakeServices.swift in Sources */,
				28F5C8BF25DE757A00DDADF7 /* CakeDescriptionTableViewCell.swift in Sources */,
				2879DA0925DD09C0009F8EA7 /* CakeListViewModelProtocol.swift in Sources */,
				28F5C93325DF263800DDADF7 /* AppRouter.swift in Sources */,
				28D5931025E1B2A600FD5498 /* AppConfiguration.swift in Sources */,
				2867EA9B25DC915A00F73E5C /* CakeDetailViewModel.swift in Sources */,
				2879DA2C25DD1B96009F8EA7 /* CakeListTableViewCell.swift in Sources */,
				28D5930825E1B29700FD5498 /* Cake.swift in Sources */,
			);
			runOnlyForDeploymentPostprocessing = 0;
		};
/* End PBXSourcesBuildPhase section */

/* Begin PBXTargetDependency section */
		CEF638AF25B73FA8009F967A /* PBXTargetDependency */ = {
			isa = PBXTargetDependency;
			target = CEF6389625B73FA7009F967A /* CakeItApp */;
			targetProxy = CEF638AE25B73FA8009F967A /* PBXContainerItemProxy */;
		};
		CEF638BA25B73FA8009F967A /* PBXTargetDependency */ = {
			isa = PBXTargetDependency;
			target = CEF6389625B73FA7009F967A /* CakeItApp */;
			targetProxy = CEF638B925B73FA8009F967A /* PBXContainerItemProxy */;
		};
/* End PBXTargetDependency section */

/* Begin PBXVariantGroup section */
		CEF638A025B73FA7009F967A /* Main.storyboard */ = {
			isa = PBXVariantGroup;
			children = (
				CEF638A125B73FA7009F967A /* Base */,
			);
			name = Main.storyboard;
			sourceTree = "<group>";
		};
		CEF638A525B73FA8009F967A /* LaunchScreen.storyboard */ = {
			isa = PBXVariantGroup;
			children = (
				CEF638A625B73FA8009F967A /* Base */,
			);
			name = LaunchScreen.storyboard;
			sourceTree = "<group>";
		};
/* End PBXVariantGroup section */

/* Begin XCBuildConfiguration section */
		2867EA6325DC8C9100F73E5C /* Staging */ = {
			isa = XCBuildConfiguration;
			buildSettings = {
				ALWAYS_SEARCH_USER_PATHS = NO;
				CLANG_ANALYZER_NONNULL = YES;
				CLANG_ANALYZER_NUMBER_OBJECT_CONVERSION = YES_AGGRESSIVE;
				CLANG_CXX_LANGUAGE_STANDARD = "gnu++14";
				CLANG_CXX_LIBRARY = "libc++";
				CLANG_ENABLE_MODULES = YES;
				CLANG_ENABLE_OBJC_ARC = YES;
				CLANG_ENABLE_OBJC_WEAK = YES;
				CLANG_WARN_BLOCK_CAPTURE_AUTORELEASING = YES;
				CLANG_WARN_BOOL_CONVERSION = YES;
				CLANG_WARN_COMMA = YES;
				CLANG_WARN_CONSTANT_CONVERSION = YES;
				CLANG_WARN_DEPRECATED_OBJC_IMPLEMENTATIONS = YES;
				CLANG_WARN_DIRECT_OBJC_ISA_USAGE = YES_ERROR;
				CLANG_WARN_DOCUMENTATION_COMMENTS = YES;
				CLANG_WARN_EMPTY_BODY = YES;
				CLANG_WARN_ENUM_CONVERSION = YES;
				CLANG_WARN_INFINITE_RECURSION = YES;
				CLANG_WARN_INT_CONVERSION = YES;
				CLANG_WARN_NON_LITERAL_NULL_CONVERSION = YES;
				CLANG_WARN_OBJC_IMPLICIT_RETAIN_SELF = YES;
				CLANG_WARN_OBJC_LITERAL_CONVERSION = YES;
				CLANG_WARN_OBJC_ROOT_CLASS = YES_ERROR;
				CLANG_WARN_QUOTED_INCLUDE_IN_FRAMEWORK_HEADER = YES;
				CLANG_WARN_RANGE_LOOP_ANALYSIS = YES;
				CLANG_WARN_STRICT_PROTOTYPES = YES;
				CLANG_WARN_SUSPICIOUS_MOVE = YES;
				CLANG_WARN_UNGUARDED_AVAILABILITY = YES_AGGRESSIVE;
				CLANG_WARN_UNREACHABLE_CODE = YES;
				CLANG_WARN__DUPLICATE_METHOD_MATCH = YES;
				COPY_PHASE_STRIP = NO;
				DEBUG_INFORMATION_FORMAT = dwarf;
				ENABLE_STRICT_OBJC_MSGSEND = YES;
				ENABLE_TESTABILITY = YES;
				GCC_C_LANGUAGE_STANDARD = gnu11;
				GCC_DYNAMIC_NO_PIC = NO;
				GCC_NO_COMMON_BLOCKS = YES;
				GCC_OPTIMIZATION_LEVEL = 0;
				GCC_PREPROCESSOR_DEFINITIONS = (
					"DEBUG=1",
					"$(inherited)",
				);
				GCC_WARN_64_TO_32_BIT_CONVERSION = YES;
				GCC_WARN_ABOUT_RETURN_TYPE = YES_ERROR;
				GCC_WARN_UNDECLARED_SELECTOR = YES;
				GCC_WARN_UNINITIALIZED_AUTOS = YES_AGGRESSIVE;
				GCC_WARN_UNUSED_FUNCTION = YES;
				GCC_WARN_UNUSED_VARIABLE = YES;
				IPHONEOS_DEPLOYMENT_TARGET = 14.3;
				MTL_ENABLE_DEBUG_INFO = INCLUDE_SOURCE;
				MTL_FAST_MATH = YES;
				ONLY_ACTIVE_ARCH = YES;
				SDKROOT = iphoneos;
				SWIFT_ACTIVE_COMPILATION_CONDITIONS = DEBUG;
				SWIFT_OPTIMIZATION_LEVEL = "-Onone";
			};
			name = Staging;
		};
		2867EA6425DC8C9100F73E5C /* Staging */ = {
			isa = XCBuildConfiguration;
			baseConfigurationReference = 2867EA5925DC8B8D00F73E5C /* Staging.xcconfig */;
			buildSettings = {
				ASSETCATALOG_COMPILER_APPICON_NAME = "AppIcon-Staging";
				ASSETCATALOG_COMPILER_GLOBAL_ACCENT_COLOR_NAME = AccentColor;
				CODE_SIGN_STYLE = Automatic;
				DEVELOPMENT_TEAM = HARS984R6S;
				INFOPLIST_FILE = CakeItApp/Info.plist;
				LD_RUNPATH_SEARCH_PATHS = (
					"$(inherited)",
					"@executable_path/Frameworks",
				);
				PRODUCT_BUNDLE_IDENTIFIER = com.cakeIt.staging;
				PRODUCT_NAME = "$(TARGET_NAME)";
				SWIFT_VERSION = 5.0;
				TARGETED_DEVICE_FAMILY = "1,2";
			};
			name = Staging;
		};
		2867EA6525DC8C9100F73E5C /* Staging */ = {
			isa = XCBuildConfiguration;
			buildSettings = {
				ALWAYS_EMBED_SWIFT_STANDARD_LIBRARIES = YES;
				CODE_SIGN_STYLE = Automatic;
				DEVELOPMENT_TEAM = HARS984R6S;
				INFOPLIST_FILE = CakeItAppTests/Info.plist;
				IPHONEOS_DEPLOYMENT_TARGET = 14.3;
				LD_RUNPATH_SEARCH_PATHS = (
					"$(inherited)",
					"@executable_path/Frameworks",
					"@loader_path/Frameworks",
				);
				PRODUCT_BUNDLE_IDENTIFIER = Waracle.CakeItAppTests;
				PRODUCT_NAME = "$(TARGET_NAME)";
				SWIFT_VERSION = 5.0;
				TARGETED_DEVICE_FAMILY = "1,2";
				TEST_HOST = "$(BUILT_PRODUCTS_DIR)/CakeIt.app/CakeIt";
			};
			name = Staging;
		};
		2867EA6625DC8C9100F73E5C /* Staging */ = {
			isa = XCBuildConfiguration;
			buildSettings = {
				ALWAYS_EMBED_SWIFT_STANDARD_LIBRARIES = YES;
				CODE_SIGN_STYLE = Automatic;
				DEVELOPMENT_TEAM = HARS984R6S;
				INFOPLIST_FILE = CakeItAppUITests/Info.plist;
				LD_RUNPATH_SEARCH_PATHS = (
					"$(inherited)",
					"@executable_path/Frameworks",
					"@loader_path/Frameworks",
				);
				PRODUCT_BUNDLE_IDENTIFIER = Waracle.CakeItAppUITests;
				PRODUCT_NAME = "$(TARGET_NAME)";
				SWIFT_VERSION = 5.0;
				TARGETED_DEVICE_FAMILY = "1,2";
				TEST_TARGET_NAME = CakeItApp;
			};
			name = Staging;
		};
		CEF638BF25B73FA8009F967A /* Debug */ = {
			isa = XCBuildConfiguration;
			buildSettings = {
				ALWAYS_SEARCH_USER_PATHS = NO;
				CLANG_ANALYZER_NONNULL = YES;
				CLANG_ANALYZER_NUMBER_OBJECT_CONVERSION = YES_AGGRESSIVE;
				CLANG_CXX_LANGUAGE_STANDARD = "gnu++14";
				CLANG_CXX_LIBRARY = "libc++";
				CLANG_ENABLE_MODULES = YES;
				CLANG_ENABLE_OBJC_ARC = YES;
				CLANG_ENABLE_OBJC_WEAK = YES;
				CLANG_WARN_BLOCK_CAPTURE_AUTORELEASING = YES;
				CLANG_WARN_BOOL_CONVERSION = YES;
				CLANG_WARN_COMMA = YES;
				CLANG_WARN_CONSTANT_CONVERSION = YES;
				CLANG_WARN_DEPRECATED_OBJC_IMPLEMENTATIONS = YES;
				CLANG_WARN_DIRECT_OBJC_ISA_USAGE = YES_ERROR;
				CLANG_WARN_DOCUMENTATION_COMMENTS = YES;
				CLANG_WARN_EMPTY_BODY = YES;
				CLANG_WARN_ENUM_CONVERSION = YES;
				CLANG_WARN_INFINITE_RECURSION = YES;
				CLANG_WARN_INT_CONVERSION = YES;
				CLANG_WARN_NON_LITERAL_NULL_CONVERSION = YES;
				CLANG_WARN_OBJC_IMPLICIT_RETAIN_SELF = YES;
				CLANG_WARN_OBJC_LITERAL_CONVERSION = YES;
				CLANG_WARN_OBJC_ROOT_CLASS = YES_ERROR;
				CLANG_WARN_QUOTED_INCLUDE_IN_FRAMEWORK_HEADER = YES;
				CLANG_WARN_RANGE_LOOP_ANALYSIS = YES;
				CLANG_WARN_STRICT_PROTOTYPES = YES;
				CLANG_WARN_SUSPICIOUS_MOVE = YES;
				CLANG_WARN_UNGUARDED_AVAILABILITY = YES_AGGRESSIVE;
				CLANG_WARN_UNREACHABLE_CODE = YES;
				CLANG_WARN__DUPLICATE_METHOD_MATCH = YES;
				COPY_PHASE_STRIP = NO;
				DEBUG_INFORMATION_FORMAT = dwarf;
				ENABLE_STRICT_OBJC_MSGSEND = YES;
				ENABLE_TESTABILITY = YES;
				GCC_C_LANGUAGE_STANDARD = gnu11;
				GCC_DYNAMIC_NO_PIC = NO;
				GCC_NO_COMMON_BLOCKS = YES;
				GCC_OPTIMIZATION_LEVEL = 0;
				GCC_PREPROCESSOR_DEFINITIONS = (
					"DEBUG=1",
					"$(inherited)",
				);
				GCC_WARN_64_TO_32_BIT_CONVERSION = YES;
				GCC_WARN_ABOUT_RETURN_TYPE = YES_ERROR;
				GCC_WARN_UNDECLARED_SELECTOR = YES;
				GCC_WARN_UNINITIALIZED_AUTOS = YES_AGGRESSIVE;
				GCC_WARN_UNUSED_FUNCTION = YES;
				GCC_WARN_UNUSED_VARIABLE = YES;
				IPHONEOS_DEPLOYMENT_TARGET = 14.3;
				MTL_ENABLE_DEBUG_INFO = INCLUDE_SOURCE;
				MTL_FAST_MATH = YES;
				ONLY_ACTIVE_ARCH = YES;
				SDKROOT = iphoneos;
				SWIFT_ACTIVE_COMPILATION_CONDITIONS = DEBUG;
				SWIFT_OPTIMIZATION_LEVEL = "-Onone";
			};
			name = Debug;
		};
		CEF638C025B73FA8009F967A /* Release */ = {
			isa = XCBuildConfiguration;
			buildSettings = {
				ALWAYS_SEARCH_USER_PATHS = NO;
				CLANG_ANALYZER_NONNULL = YES;
				CLANG_ANALYZER_NUMBER_OBJECT_CONVERSION = YES_AGGRESSIVE;
				CLANG_CXX_LANGUAGE_STANDARD = "gnu++14";
				CLANG_CXX_LIBRARY = "libc++";
				CLANG_ENABLE_MODULES = YES;
				CLANG_ENABLE_OBJC_ARC = YES;
				CLANG_ENABLE_OBJC_WEAK = YES;
				CLANG_WARN_BLOCK_CAPTURE_AUTORELEASING = YES;
				CLANG_WARN_BOOL_CONVERSION = YES;
				CLANG_WARN_COMMA = YES;
				CLANG_WARN_CONSTANT_CONVERSION = YES;
				CLANG_WARN_DEPRECATED_OBJC_IMPLEMENTATIONS = YES;
				CLANG_WARN_DIRECT_OBJC_ISA_USAGE = YES_ERROR;
				CLANG_WARN_DOCUMENTATION_COMMENTS = YES;
				CLANG_WARN_EMPTY_BODY = YES;
				CLANG_WARN_ENUM_CONVERSION = YES;
				CLANG_WARN_INFINITE_RECURSION = YES;
				CLANG_WARN_INT_CONVERSION = YES;
				CLANG_WARN_NON_LITERAL_NULL_CONVERSION = YES;
				CLANG_WARN_OBJC_IMPLICIT_RETAIN_SELF = YES;
				CLANG_WARN_OBJC_LITERAL_CONVERSION = YES;
				CLANG_WARN_OBJC_ROOT_CLASS = YES_ERROR;
				CLANG_WARN_QUOTED_INCLUDE_IN_FRAMEWORK_HEADER = YES;
				CLANG_WARN_RANGE_LOOP_ANALYSIS = YES;
				CLANG_WARN_STRICT_PROTOTYPES = YES;
				CLANG_WARN_SUSPICIOUS_MOVE = YES;
				CLANG_WARN_UNGUARDED_AVAILABILITY = YES_AGGRESSIVE;
				CLANG_WARN_UNREACHABLE_CODE = YES;
				CLANG_WARN__DUPLICATE_METHOD_MATCH = YES;
				COPY_PHASE_STRIP = NO;
				DEBUG_INFORMATION_FORMAT = "dwarf-with-dsym";
				ENABLE_NS_ASSERTIONS = NO;
				ENABLE_STRICT_OBJC_MSGSEND = YES;
				GCC_C_LANGUAGE_STANDARD = gnu11;
				GCC_NO_COMMON_BLOCKS = YES;
				GCC_WARN_64_TO_32_BIT_CONVERSION = YES;
				GCC_WARN_ABOUT_RETURN_TYPE = YES_ERROR;
				GCC_WARN_UNDECLARED_SELECTOR = YES;
				GCC_WARN_UNINITIALIZED_AUTOS = YES_AGGRESSIVE;
				GCC_WARN_UNUSED_FUNCTION = YES;
				GCC_WARN_UNUSED_VARIABLE = YES;
				IPHONEOS_DEPLOYMENT_TARGET = 14.3;
				MTL_ENABLE_DEBUG_INFO = NO;
				MTL_FAST_MATH = YES;
				SDKROOT = iphoneos;
				SWIFT_COMPILATION_MODE = wholemodule;
				SWIFT_OPTIMIZATION_LEVEL = "-O";
				VALIDATE_PRODUCT = YES;
			};
			name = Release;
		};
		CEF638C225B73FA8009F967A /* Debug */ = {
			isa = XCBuildConfiguration;
			baseConfigurationReference = 2867EA5E25DC8BA000F73E5C /* Development.xcconfig */;
			buildSettings = {
				ASSETCATALOG_COMPILER_APPICON_NAME = "AppIcon-Dev";
				ASSETCATALOG_COMPILER_GLOBAL_ACCENT_COLOR_NAME = AccentColor;
				CODE_SIGN_STYLE = Automatic;
				DEVELOPMENT_TEAM = HARS984R6S;
				INFOPLIST_FILE = CakeItApp/Info.plist;
				LD_RUNPATH_SEARCH_PATHS = (
					"$(inherited)",
					"@executable_path/Frameworks",
				);
				PRODUCT_BUNDLE_IDENTIFIER = com.cakeIt.dev;
				PRODUCT_NAME = "$(TARGET_NAME)";
				SWIFT_VERSION = 5.0;
				TARGETED_DEVICE_FAMILY = "1,2";
			};
			name = Debug;
		};
		CEF638C325B73FA8009F967A /* Release */ = {
			isa = XCBuildConfiguration;
			baseConfigurationReference = 2867EA4B25DC8B6B00F73E5C /* Production.xcconfig */;
			buildSettings = {
				ASSETCATALOG_COMPILER_APPICON_NAME = "AppIcon-Prod";
				ASSETCATALOG_COMPILER_GLOBAL_ACCENT_COLOR_NAME = AccentColor;
				CODE_SIGN_STYLE = Automatic;
				DEVELOPMENT_TEAM = HARS984R6S;
				INFOPLIST_FILE = CakeItApp/Info.plist;
				LD_RUNPATH_SEARCH_PATHS = (
					"$(inherited)",
					"@executable_path/Frameworks",
				);
				PRODUCT_BUNDLE_IDENTIFIER = com.cakeIt;
				PRODUCT_NAME = "$(TARGET_NAME)";
				SWIFT_VERSION = 5.0;
				TARGETED_DEVICE_FAMILY = "1,2";
			};
			name = Release;
		};
		CEF638C525B73FA8009F967A /* Debug */ = {
			isa = XCBuildConfiguration;
			buildSettings = {
				ALWAYS_EMBED_SWIFT_STANDARD_LIBRARIES = YES;
				CODE_SIGN_STYLE = Automatic;
				DEVELOPMENT_TEAM = HARS984R6S;
				INFOPLIST_FILE = CakeItAppTests/Info.plist;
				IPHONEOS_DEPLOYMENT_TARGET = 14.3;
				LD_RUNPATH_SEARCH_PATHS = (
					"$(inherited)",
					"@executable_path/Frameworks",
					"@loader_path/Frameworks",
				);
				PRODUCT_BUNDLE_IDENTIFIER = Waracle.CakeItAppTests;
				PRODUCT_NAME = "$(TARGET_NAME)";
				SWIFT_VERSION = 5.0;
				TARGETED_DEVICE_FAMILY = "1,2";
				TEST_HOST = "$(BUILT_PRODUCTS_DIR)/CakeIt.app/CakeIt";
			};
			name = Debug;
		};
		CEF638C625B73FA8009F967A /* Release */ = {
			isa = XCBuildConfiguration;
			buildSettings = {
				ALWAYS_EMBED_SWIFT_STANDARD_LIBRARIES = YES;
				CODE_SIGN_STYLE = Automatic;
				DEVELOPMENT_TEAM = HARS984R6S;
				INFOPLIST_FILE = CakeItAppTests/Info.plist;
				IPHONEOS_DEPLOYMENT_TARGET = 14.3;
				LD_RUNPATH_SEARCH_PATHS = (
					"$(inherited)",
					"@executable_path/Frameworks",
					"@loader_path/Frameworks",
				);
				PRODUCT_BUNDLE_IDENTIFIER = Waracle.CakeItAppTests;
				PRODUCT_NAME = "$(TARGET_NAME)";
				SWIFT_VERSION = 5.0;
				TARGETED_DEVICE_FAMILY = "1,2";
				TEST_HOST = "$(BUILT_PRODUCTS_DIR)/CakeIt.app/CakeIt";
			};
			name = Release;
		};
		CEF638C825B73FA8009F967A /* Debug */ = {
			isa = XCBuildConfiguration;
			buildSettings = {
				ALWAYS_EMBED_SWIFT_STANDARD_LIBRARIES = YES;
				CODE_SIGN_STYLE = Automatic;
				DEVELOPMENT_TEAM = HARS984R6S;
				INFOPLIST_FILE = CakeItAppUITests/Info.plist;
				LD_RUNPATH_SEARCH_PATHS = (
					"$(inherited)",
					"@executable_path/Frameworks",
					"@loader_path/Frameworks",
				);
				PRODUCT_BUNDLE_IDENTIFIER = Waracle.CakeItAppUITests;
				PRODUCT_NAME = "$(TARGET_NAME)";
				SWIFT_VERSION = 5.0;
				TARGETED_DEVICE_FAMILY = "1,2";
				TEST_TARGET_NAME = CakeItApp;
			};
			name = Debug;
		};
		CEF638C925B73FA8009F967A /* Release */ = {
			isa = XCBuildConfiguration;
			buildSettings = {
				ALWAYS_EMBED_SWIFT_STANDARD_LIBRARIES = YES;
				CODE_SIGN_STYLE = Automatic;
				DEVELOPMENT_TEAM = HARS984R6S;
				INFOPLIST_FILE = CakeItAppUITests/Info.plist;
				LD_RUNPATH_SEARCH_PATHS = (
					"$(inherited)",
					"@executable_path/Frameworks",
					"@loader_path/Frameworks",
				);
				PRODUCT_BUNDLE_IDENTIFIER = Waracle.CakeItAppUITests;
				PRODUCT_NAME = "$(TARGET_NAME)";
				SWIFT_VERSION = 5.0;
				TARGETED_DEVICE_FAMILY = "1,2";
				TEST_TARGET_NAME = CakeItApp;
			};
			name = Release;
		};
/* End XCBuildConfiguration section */

/* Begin XCConfigurationList section */
		CEF6389225B73FA7009F967A /* Build configuration list for PBXProject "CakeItApp" */ = {
			isa = XCConfigurationList;
			buildConfigurations = (
				CEF638BF25B73FA8009F967A /* Debug */,
				2867EA6325DC8C9100F73E5C /* Staging */,
				CEF638C025B73FA8009F967A /* Release */,
			);
			defaultConfigurationIsVisible = 0;
			defaultConfigurationName = Release;
		};
		CEF638C125B73FA8009F967A /* Build configuration list for PBXNativeTarget "CakeItApp" */ = {
			isa = XCConfigurationList;
			buildConfigurations = (
				CEF638C225B73FA8009F967A /* Debug */,
				2867EA6425DC8C9100F73E5C /* Staging */,
				CEF638C325B73FA8009F967A /* Release */,
			);
			defaultConfigurationIsVisible = 0;
			defaultConfigurationName = Release;
		};
		CEF638C425B73FA8009F967A /* Build configuration list for PBXNativeTarget "CakeItAppTests" */ = {
			isa = XCConfigurationList;
			buildConfigurations = (
				CEF638C525B73FA8009F967A /* Debug */,
				2867EA6525DC8C9100F73E5C /* Staging */,
				CEF638C625B73FA8009F967A /* Release */,
			);
			defaultConfigurationIsVisible = 0;
			defaultConfigurationName = Release;
		};
		CEF638C725B73FA8009F967A /* Build configuration list for PBXNativeTarget "CakeItAppUITests" */ = {
			isa = XCConfigurationList;
			buildConfigurations = (
				CEF638C825B73FA8009F967A /* Debug */,
				2867EA6625DC8C9100F73E5C /* Staging */,
				CEF638C925B73FA8009F967A /* Release */,
			);
			defaultConfigurationIsVisible = 0;
			defaultConfigurationName = Release;
		};
/* End XCConfigurationList section */
	};
	rootObject = CEF6388F25B73FA7009F967A /* Project object */;
}
